
Microsoft Visual Studio Solution File, Format Version 12.00
# Visual Studio Version 17
VisualStudioVersion = 17.9.34622.214
MinimumVisualStudioVersion = 10.0.40219.1
Project("{8BC9CEB8-8B4A-11D0-8D11-00A0C91BC942}") = "1", "ConsoleApplication2\ConsoleApplication2.vcxproj", "{F848312D-85A4-42A7-AFFB-2390BE991A35}"
EndProject
Project("{8BC9CEB8-8B4A-11D0-8D11-00A0C91BC942}") = "2", "2\2.vcxproj", "{453C2B99-EBE1-4E42-979A-78E78C46B21D}"
EndProject
Project("{8BC9CEB8-8B4A-11D0-8D11-00A0C91BC942}") = "3", "3\3.vcxproj", "{3024F17B-4930-473D-83F5-EB8F6DA9334E}"
EndProject
Project("{8BC9CEB8-8B4A-11D0-8D11-00A0C91BC942}") = "4", "ConsoleApplication1\ConsoleApplication1.vcxproj", "{B618030A-1933-4D07-A238-6163BE77C80D}"
EndProject
Project("{8BC9CEB8-8B4A-11D0-8D11-00A0C91BC942}") = "5", "5\5.vcxproj", "{949FDA3F-CF9D-4C06-B6E1-3DFA8530C013}"
EndProject
Project("{8BC9CEB8-8B4A-11D0-8D11-00A0C91BC942}") = "6", "ConsoleApplication3\ConsoleApplication3.vcxproj", "{05197A64-DA56-4249-89E7-4DD9ED9F62B9}"
EndProject
Project("{8BC9CEB8-8B4A-11D0-8D11-00A0C91BC942}") = "7", "7\7.vcxproj", "{B60AF6F3-7E70-44C3-BA89-EF94B4A60FEB}"
EndProject
Project("{8BC9CEB8-8B4A-11D0-8D11-00A0C91BC942}") = "8", "8\8.vcxproj", "{E992F4FD-12ED-4D81-8D75-3F2895619D16}"
EndProject
Project("{8BC9CEB8-8B4A-11D0-8D11-00A0C91BC942}") = "9", "9\9.vcxproj", "{D64941F4-9E94-4D80-BD74-36F47DC6361A}"
EndProject
Project("{8BC9CEB8-8B4A-11D0-8D11-00A0C91BC942}") = "10", "10\10.vcxproj", "{B600B4B2-AAB2-49A5-A9E8-062A45C84E3B}"
EndProject
Project("{8BC9CEB8-8B4A-11D0-8D11-00A0C91BC942}") = "11", "11\11.vcxproj", "{8645EFD6-D716-40F3-8C58-96659FF3DC57}"
EndProject
Project("{8BC9CEB8-8B4A-11D0-8D11-00A0C91BC942}") = "12", "12\12.vcxproj", "{BDC663B0-AC82-467F-BE2A-2C861B76B7BE}"
EndProject
Project("{8BC9CEB8-8B4A-11D0-8D11-00A0C91BC942}") = "13", "13\13.vcxproj", "{049BDD23-A16B-4397-B1CD-2DB3FE78BDE3}"
EndProject
Project("{8BC9CEB8-8B4A-11D0-8D11-00A0C91BC942}") = "14", "14\14.vcxproj", "{CAB3C544-0455-4A90-BB18-351BBC2C664B}"
EndProject
Global
	GlobalSection(SolutionConfigurationPlatforms) = preSolution
		Debug|x64 = Debug|x64
		Debug|x86 = Debug|x86
		Release|x64 = Release|x64
		Release|x86 = Release|x86
	EndGlobalSection
	GlobalSection(ProjectConfigurationPlatforms) = postSolution
		{F848312D-85A4-42A7-AFFB-2390BE991A35}.Debug|x64.ActiveCfg = Debug|x64
		{F848312D-85A4-42A7-AFFB-2390BE991A35}.Debug|x64.Build.0 = Debug|x64
		{F848312D-85A4-42A7-AFFB-2390BE991A35}.Debug|x86.ActiveCfg = Debug|Win32
		{F848312D-85A4-42A7-AFFB-2390BE991A35}.Debug|x86.Build.0 = Debug|Win32
		{F848312D-85A4-42A7-AFFB-2390BE991A35}.Release|x64.ActiveCfg = Release|x64
		{F848312D-85A4-42A7-AFFB-2390BE991A35}.Release|x64.Build.0 = Release|x64
		{F848312D-85A4-42A7-AFFB-2390BE991A35}.Release|x86.ActiveCfg = Release|Win32
		{F848312D-85A4-42A7-AFFB-2390BE991A35}.Release|x86.Build.0 = Release|Win32
		{453C2B99-EBE1-4E42-979A-78E78C46B21D}.Debug|x64.ActiveCfg = Debug|x64
		{453C2B99-EBE1-4E42-979A-78E78C46B21D}.Debug|x64.Build.0 = Debug|x64
		{453C2B99-EBE1-4E42-979A-78E78C46B21D}.Debug|x86.ActiveCfg = Debug|Win32
		{453C2B99-EBE1-4E42-979A-78E78C46B21D}.Debug|x86.Build.0 = Debug|Win32
		{453C2B99-EBE1-4E42-979A-78E78C46B21D}.Release|x64.ActiveCfg = Release|x64
		{453C2B99-EBE1-4E42-979A-78E78C46B21D}.Release|x64.Build.0 = Release|x64
		{453C2B99-EBE1-4E42-979A-78E78C46B21D}.Release|x86.ActiveCfg = Release|Win32
		{453C2B99-EBE1-4E42-979A-78E78C46B21D}.Release|x86.Build.0 = Release|Win32
		{3024F17B-4930-473D-83F5-EB8F6DA9334E}.Debug|x64.ActiveCfg = Debug|x64
		{3024F17B-4930-473D-83F5-EB8F6DA9334E}.Debug|x64.Build.0 = Debug|x64
		{3024F17B-4930-473D-83F5-EB8F6DA9334E}.Debug|x86.ActiveCfg = Debug|Win32
		{3024F17B-4930-473D-83F5-EB8F6DA9334E}.Debug|x86.Build.0 = Debug|Win32
		{3024F17B-4930-473D-83F5-EB8F6DA9334E}.Release|x64.ActiveCfg = Release|x64
		{3024F17B-4930-473D-83F5-EB8F6DA9334E}.Release|x64.Build.0 = Release|x64
		{3024F17B-4930-473D-83F5-EB8F6DA9334E}.Release|x86.ActiveCfg = Release|Win32
		{3024F17B-4930-473D-83F5-EB8F6DA9334E}.Release|x86.Build.0 = Release|Win32
		{B618030A-1933-4D07-A238-6163BE77C80D}.Debug|x64.ActiveCfg = Debug|x64
		{B618030A-1933-4D07-A238-6163BE77C80D}.Debug|x64.Build.0 = Debug|x64
		{B618030A-1933-4D07-A238-6163BE77C80D}.Debug|x86.ActiveCfg = Debug|Win32
		{B618030A-1933-4D07-A238-6163BE77C80D}.Debug|x86.Build.0 = Debug|Win32
		{B618030A-1933-4D07-A238-6163BE77C80D}.Release|x64.ActiveCfg = Release|x64
		{B618030A-1933-4D07-A238-6163BE77C80D}.Release|x64.Build.0 = Release|x64
		{B618030A-1933-4D07-A238-6163BE77C80D}.Release|x86.ActiveCfg = Release|Win32
		{B618030A-1933-4D07-A238-6163BE77C80D}.Release|x86.Build.0 = Release|Win32
		{949FDA3F-CF9D-4C06-B6E1-3DFA8530C013}.Debug|x64.ActiveCfg = Debug|x64
		{949FDA3F-CF9D-4C06-B6E1-3DFA8530C013}.Debug|x64.Build.0 = Debug|x64
		{949FDA3F-CF9D-4C06-B6E1-3DFA8530C013}.Debug|x86.ActiveCfg = Debug|Win32
		{949FDA3F-CF9D-4C06-B6E1-3DFA8530C013}.Debug|x86.Build.0 = Debug|Win32
		{949FDA3F-CF9D-4C06-B6E1-3DFA8530C013}.Release|x64.ActiveCfg = Release|x64
		{949FDA3F-CF9D-4C06-B6E1-3DFA8530C013}.Release|x64.Build.0 = Release|x64
		{949FDA3F-CF9D-4C06-B6E1-3DFA8530C013}.Release|x86.ActiveCfg = Release|Win32
		{949FDA3F-CF9D-4C06-B6E1-3DFA8530C013}.Release|x86.Build.0 = Release|Win32
		{05197A64-DA56-4249-89E7-4DD9ED9F62B9}.Debug|x64.ActiveCfg = Debug|x64
		{05197A64-DA56-4249-89E7-4DD9ED9F62B9}.Debug|x64.Build.0 = Debug|x64
		{05197A64-DA56-4249-89E7-4DD9ED9F62B9}.Debug|x86.ActiveCfg = Debug|Win32
		{05197A64-DA56-4249-89E7-4DD9ED9F62B9}.Debug|x86.Build.0 = Debug|Win32
		{05197A64-DA56-4249-89E7-4DD9ED9F62B9}.Release|x64.ActiveCfg = Release|x64
		{05197A64-DA56-4249-89E7-4DD9ED9F62B9}.Release|x64.Build.0 = Release|x64
		{05197A64-DA56-4249-89E7-4DD9ED9F62B9}.Release|x86.ActiveCfg = Release|Win32
		{05197A64-DA56-4249-89E7-4DD9ED9F62B9}.Release|x86.Build.0 = Release|Win32
		{B60AF6F3-7E70-44C3-BA89-EF94B4A60FEB}.Debug|x64.ActiveCfg = Debug|x64
		{B60AF6F3-7E70-44C3-BA89-EF94B4A60FEB}.Debug|x64.Build.0 = Debug|x64
		{B60AF6F3-7E70-44C3-BA89-EF94B4A60FEB}.Debug|x86.ActiveCfg = Debug|Win32
		{B60AF6F3-7E70-44C3-BA89-EF94B4A60FEB}.Debug|x86.Build.0 = Debug|Win32
		{B60AF6F3-7E70-44C3-BA89-EF94B4A60FEB}.Release|x64.ActiveCfg = Release|x64
		{B60AF6F3-7E70-44C3-BA89-EF94B4A60FEB}.Release|x64.Build.0 = Release|x64
		{B60AF6F3-7E70-44C3-BA89-EF94B4A60FEB}.Release|x86.ActiveCfg = Release|Win32
		{B60AF6F3-7E70-44C3-BA89-EF94B4A60FEB}.Release|x86.Build.0 = Release|Win32
		{E992F4FD-12ED-4D81-8D75-3F2895619D16}.Debug|x64.ActiveCfg = Debug|x64
		{E992F4FD-12ED-4D81-8D75-3F2895619D16}.Debug|x64.Build.0 = Debug|x64
		{E992F4FD-12ED-4D81-8D75-3F2895619D16}.Debug|x86.ActiveCfg = Debug|Win32
		{E992F4FD-12ED-4D81-8D75-3F2895619D16}.Debug|x86.Build.0 = Debug|Win32
		{E992F4FD-12ED-4D81-8D75-3F2895619D16}.Release|x64.ActiveCfg = Release|x64
		{E992F4FD-12ED-4D81-8D75-3F2895619D16}.Release|x64.Build.0 = Release|x64
		{E992F4FD-12ED-4D81-8D75-3F2895619D16}.Release|x86.ActiveCfg = Release|Win32
		{E992F4FD-12ED-4D81-8D75-3F2895619D16}.Release|x86.Build.0 = Release|Win32
		{D64941F4-9E94-4D80-BD74-36F47DC6361A}.Debug|x64.ActiveCfg = Debug|x64
		{D64941F4-9E94-4D80-BD74-36F47DC6361A}.Debug|x64.Build.0 = Debug|x64
		{D64941F4-9E94-4D80-BD74-36F47DC6361A}.Debug|x86.ActiveCfg = Debug|Win32
		{D64941F4-9E94-4D80-BD74-36F47DC6361A}.Debug|x86.Build.0 = Debug|Win32
		{D64941F4-9E94-4D80-BD74-36F47DC6361A}.Release|x64.ActiveCfg = Release|x64
		{D64941F4-9E94-4D80-BD74-36F47DC6361A}.Release|x64.Build.0 = Release|x64
		{D64941F4-9E94-4D80-BD74-36F47DC6361A}.Release|x86.ActiveCfg = Release|Win32
		{D64941F4-9E94-4D80-BD74-36F47DC6361A}.Release|x86.Build.0 = Release|Win32
		{B600B4B2-AAB2-49A5-A9E8-062A45C84E3B}.Debug|x64.ActiveCfg = Debug|x64
		{B600B4B2-AAB2-49A5-A9E8-062A45C84E3B}.Debug|x64.Build.0 = Debug|x64
		{B600B4B2-AAB2-49A5-A9E8-062A45C84E3B}.Debug|x86.ActiveCfg = Debug|Win32
		{B600B4B2-AAB2-49A5-A9E8-062A45C84E3B}.Debug|x86.Build.0 = Debug|Win32
		{B600B4B2-AAB2-49A5-A9E8-062A45C84E3B}.Release|x64.ActiveCfg = Release|x64
		{B600B4B2-AAB2-49A5-A9E8-062A45C84E3B}.Release|x64.Build.0 = Release|x64
		{B600B4B2-AAB2-49A5-A9E8-062A45C84E3B}.Release|x86.ActiveCfg = Release|Win32
		{B600B4B2-AAB2-49A5-A9E8-062A45C84E3B}.Release|x86.Build.0 = Release|Win32
		{8645EFD6-D716-40F3-8C58-96659FF3DC57}.Debug|x64.ActiveCfg = Debug|x64
		{8645EFD6-D716-40F3-8C58-96659FF3DC57}.Debug|x64.Build.0 = Debug|x64
		{8645EFD6-D716-40F3-8C58-96659FF3DC57}.Debug|x86.ActiveCfg = Debug|Win32
		{8645EFD6-D716-40F3-8C58-96659FF3DC57}.Debug|x86.Build.0 = Debug|Win32
		{8645EFD6-D716-40F3-8C58-96659FF3DC57}.Release|x64.ActiveCfg = Release|x64
		{8645EFD6-D716-40F3-8C58-96659FF3DC57}.Release|x64.Build.0 = Release|x64
		{8645EFD6-D716-40F3-8C58-96659FF3DC57}.Release|x86.ActiveCfg = Release|Win32
		{8645EFD6-D716-40F3-8C58-96659FF3DC57}.Release|x86.Build.0 = Release|Win32
		{BDC663B0-AC82-467F-BE2A-2C861B76B7BE}.Debug|x64.ActiveCfg = Debug|x64
		{BDC663B0-AC82-467F-BE2A-2C861B76B7BE}.Debug|x64.Build.0 = Debug|x64
		{BDC663B0-AC82-467F-BE2A-2C861B76B7BE}.Debug|x86.ActiveCfg = Debug|Win32
		{BDC663B0-AC82-467F-BE2A-2C861B76B7BE}.Debug|x86.Build.0 = Debug|Win32
		{BDC663B0-AC82-467F-BE2A-2C861B76B7BE}.Release|x64.ActiveCfg = Release|x64
		{BDC663B0-AC82-467F-BE2A-2C861B76B7BE}.Release|x64.Build.0 = Release|x64
		{BDC663B0-AC82-467F-BE2A-2C861B76B7BE}.Release|x86.ActiveCfg = Release|Win32
		{BDC663B0-AC82-467F-BE2A-2C861B76B7BE}.Release|x86.Build.0 = Release|Win32
		{049BDD23-A16B-4397-B1CD-2DB3FE78BDE3}.Debug|x64.ActiveCfg = Debug|x64
		{049BDD23-A16B-4397-B1CD-2DB3FE78BDE3}.Debug|x64.Build.0 = Debug|x64
		{049BDD23-A16B-4397-B1CD-2DB3FE78BDE3}.Debug|x86.ActiveCfg = Debug|Win32
		{049BDD23-A16B-4397-B1CD-2DB3FE78BDE3}.Debug|x86.Build.0 = Debug|Win32
		{049BDD23-A16B-4397-B1CD-2DB3FE78BDE3}.Release|x64.ActiveCfg = Release|x64
		{049BDD23-A16B-4397-B1CD-2DB3FE78BDE3}.Release|x64.Build.0 = Release|x64
		{049BDD23-A16B-4397-B1CD-2DB3FE78BDE3}.Release|x86.ActiveCfg = Release|Win32
		{049BDD23-A16B-4397-B1CD-2DB3FE78BDE3}.Release|x86.Build.0 = Release|Win32
		{CAB3C544-0455-4A90-BB18-351BBC2C664B}.Debug|x64.ActiveCfg = Debug|x64
		{CAB3C544-0455-4A90-BB18-351BBC2C664B}.Debug|x64.Build.0 = Debug|x64
		{CAB3C544-0455-4A90-BB18-351BBC2C664B}.Debug|x86.ActiveCfg = Debug|Win32
		{CAB3C544-0455-4A90-BB18-351BBC2C664B}.Debug|x86.Build.0 = Debug|Win32
		{CAB3C544-0455-4A90-BB18-351BBC2C664B}.Release|x64.ActiveCfg = Release|x64
		{CAB3C544-0455-4A90-BB18-351BBC2C664B}.Release|x64.Build.0 = Release|x64
		{CAB3C544-0455-4A90-BB18-351BBC2C664B}.Release|x86.ActiveCfg = Release|Win32
		{CAB3C544-0455-4A90-BB18-351BBC2C664B}.Release|x86.Build.0 = Release|Win32
	EndGlobalSection
	GlobalSection(SolutionProperties) = preSolution
		HideSolutionNode = FALSE
	EndGlobalSection
	GlobalSection(ExtensibilityGlobals) = postSolution
		SolutionGuid = {3B772FB5-45AB-4FC0-8C99-A5E5EEE780A9}
	EndGlobalSection
EndGlobal
